
Microsoft Visual Studio Solution File, Format Version 12.00
# Visual Studio Version 17
VisualStudioVersion = 17.11.35312.102
MinimumVisualStudioVersion = 10.0.40219.1
Project("{FAE04EC0-301F-11D3-BF4B-00C04F79EFBC}") = "CSM Project", "CSM Project\CSM Project.csproj", "{0A30684C-8D1E-4641-AC7F-67D646D55CD2}"
EndProject
Project("{54435603-DBB4-11D2-8724-00A0C9A8B90C}") = "ShowroomManagementSetup", "ShowroomManagementSetup\ShowroomManagementSetup.vdproj", "{D8B692C2-C977-4A08-A820-EE17BEF6FEAF}"
EndProject
Global
	GlobalSection(SolutionConfigurationPlatforms) = preSolution
		Debug|Any CPU = Debug|Any CPU
		Release|Any CPU = Release|Any CPU
	EndGlobalSection
	GlobalSection(ProjectConfigurationPlatforms) = postSolution
		{0A30684C-8D1E-4641-AC7F-67D646D55CD2}.Debug|Any CPU.ActiveCfg = Debug|Any CPU
		{0A30684C-8D1E-4641-AC7F-67D646D55CD2}.Debug|Any CPU.Build.0 = Debug|Any CPU
		{0A30684C-8D1E-4641-AC7F-67D646D55CD2}.Release|Any CPU.ActiveCfg = Release|Any CPU
		{0A30684C-8D1E-4641-AC7F-67D646D55CD2}.Release|Any CPU.Build.0 = Release|Any CPU
		{D8B692C2-C977-4A08-A820-EE17BEF6FEAF}.Debug|Any CPU.ActiveCfg = Debug
		{D8B692C2-C977-4A08-A820-EE17BEF6FEAF}.Release|Any CPU.ActiveCfg = Release
	EndGlobalSection
	GlobalSection(SolutionProperties) = preSolution
		HideSolutionNode = FALSE
	EndGlobalSection
	GlobalSection(ExtensibilityGlobals) = postSolution
		SolutionGuid = {FCF55FA6-15E0-4E4F-92B5-5AA846B2A4B2}
	EndGlobalSection
EndGlobal
